<?xml version="1.0" encoding="utf-8"?>
<Project ToolsVersion="4.0" xmlns="http://schemas.microsoft.com/developer/msbuild/2003">
  <ItemGroup>
    <Filter Include="Source Files">
      <UniqueIdentifier>{bbcb3a90-4f75-44fa-bd1d-e1ab96850db4}</UniqueIdentifier>
      <Extensions>cpp;c;cxx;rc;def;r;odl;idl;hpj;bat</Extensions>
    </Filter>
    <Filter Include="Header Files">
      <UniqueIdentifier>{47ee2996-62f1-45ad-8258-516195043bcb}</UniqueIdentifier>
      <Extensions>h;hpp;hxx;hm;inl</Extensions>
    </Filter>
  </ItemGroup>
  <ItemGroup>
    <ClCompile Include="bt.cpp">
      <Filter>Source Files</Filter>
    </ClCompile>
    <ClCompile Include="cardata.cpp">
      <Filter>Source Files</Filter>
    </ClCompile>
    <ClCompile Include="driver.cpp">
      <Filter>Source Files</Filter>
    </ClCompile>
    <ClCompile Include="learn.cpp">
      <Filter>Source Files</Filter>
    </ClCompile>
    <ClCompile Include="opponent.cpp">
      <Filter>Source Files</Filter>
    </ClCompile>
    <ClCompile Include="pit.cpp">
      <Filter>Source Files</Filter>
    </ClCompile>
    <ClCompile Include="spline.cpp">
      <Filter>Source Files</Filter>
    </ClCompile>
    <ClCompile Include="strategy.cpp">
      <Filter>Source Files</Filter>
    </ClCompile>
  </ItemGroup>
  <ItemGroup>
    <ClInclude Include="cardata.h">
      <Filter>Header Files</Filter>
    </ClInclude>
    <ClInclude Include="driver.h">
      <Filter>Header Files</Filter>
    </ClInclude>
    <ClInclude Include="learn.h">
      <Filter>Header Files</Filter>
    </ClInclude>
    <ClInclude Include="linalg.h">
      <Filter>Header Files</Filter>
    </ClInclude>
    <ClInclude Include="opponent.h">
      <Filter>Header Files</Filter>
    </ClInclude>
    <ClInclude Include="pit.h">
      <Filter>Header Files</Filter>
    </ClInclude>
    <ClInclude Include="spline.h">
      <Filter>Header Files</Filter>
    </ClInclude>
    <ClInclude Include="strategy.h">
      <Filter>Header Files</Filter>
    </ClInclude>
  </ItemGroup>
  <ItemGroup>
    <CustomBuild Include="bt.def">
      <Filter>Source Files</Filter>
    </CustomBuild>
  </ItemGroup>
</Project>