<?xml version="1.0" encoding="utf-8"?>
<Project ToolsVersion="4.0" xmlns="http://schemas.microsoft.com/developer/msbuild/2003">
  <ItemGroup>
    <Filter Include="Source Files">
      <UniqueIdentifier>{bc6273cd-7da7-425e-95bb-4e6e43987bf8}</UniqueIdentifier>
      <Extensions>cpp;c;cxx;rc;def;r;odl;idl;hpj;bat</Extensions>
    </Filter>
    <Filter Include="Header Files">
      <UniqueIdentifier>{b3fed86e-d4d1-4431-8818-05c739371067}</UniqueIdentifier>
      <Extensions>h;hpp;hxx;hm;inl</Extensions>
    </Filter>
    <Filter Include="Resource Files">
      <UniqueIdentifier>{01ec730a-105f-44da-aee5-0c60112d3bcc}</UniqueIdentifier>
      <Extensions>ico;cur;bmp;dlg;rc2;rct;bin;rgs;gif;jpg;jpeg;jpe</Extensions>
    </Filter>
  </ItemGroup>
  <ItemGroup>
    <ClCompile Include="ac3d.cpp">
      <Filter>Source Files</Filter>
    </ClCompile>
    <ClCompile Include="easymesh.cpp">
      <Filter>Source Files</Filter>
    </ClCompile>
    <ClCompile Include="elevation.cpp">
      <Filter>Source Files</Filter>
    </ClCompile>
    <ClCompile Include="maintrackgen.cpp">
      <Filter>Source Files</Filter>
    </ClCompile>
    <ClCompile Include="objects.cpp">
      <Filter>Source Files</Filter>
    </ClCompile>
    <ClCompile Include="raceline.cpp">
      <Filter>Source Files</Filter>
    </ClCompile>
    <ClCompile Include="relief.cpp">
      <Filter>Source Files</Filter>
    </ClCompile>
    <ClCompile Include="track.cpp">
      <Filter>Source Files</Filter>
    </ClCompile>
    <ClCompile Include="util.cpp">
      <Filter>Source Files</Filter>
    </ClCompile>
    <ClCompile Include="..\..\windows\windowsspec.cpp">
      <Filter>Source Files</Filter>
    </ClCompile>
  </ItemGroup>
  <ItemGroup>
    <ClInclude Include="trackgen.h">
      <Filter>Header Files</Filter>
    </ClInclude>
  </ItemGroup>
</Project>