<?xml version="1.0" encoding="utf-8"?>
<Project ToolsVersion="4.0" xmlns="http://schemas.microsoft.com/developer/msbuild/2003">
  <ItemGroup>
    <Filter Include="Quellcodedateien">
      <UniqueIdentifier>{1bb36cc8-43e3-4ab6-885d-cb3f6a26fbfa}</UniqueIdentifier>
      <Extensions>cpp;c;cxx;rc;def;r;odl;idl;hpj;bat</Extensions>
    </Filter>
    <Filter Include="Header-Dateien">
      <UniqueIdentifier>{3a07a0db-ec1e-47ac-8c5b-d0d2b4abe9b0}</UniqueIdentifier>
      <Extensions>h;hpp;hxx;hm;inl</Extensions>
    </Filter>
    <Filter Include="Ressourcendateien">
      <UniqueIdentifier>{f3158d5c-ab94-4da5-9308-0df0e634a578}</UniqueIdentifier>
      <Extensions>ico;cur;bmp;dlg;rc2;rct;bin;rgs;gif;jpg;jpeg;jpe</Extensions>
    </Filter>
  </ItemGroup>
  <ItemGroup>
    <ClCompile Include="ANN.cpp">
      <Filter>Quellcodedateien</Filter>
    </ClCompile>
    <ClCompile Include="ann_policy.cpp">
      <Filter>Quellcodedateien</Filter>
    </ClCompile>
    <ClCompile Include="Distribution.cpp">
      <Filter>Quellcodedateien</Filter>
    </ClCompile>
    <ClCompile Include="List.cpp">
      <Filter>Quellcodedateien</Filter>
    </ClCompile>
    <ClCompile Include="MathFunctions.cpp">
      <Filter>Quellcodedateien</Filter>
    </ClCompile>
    <ClCompile Include="policy.cpp">
      <Filter>Quellcodedateien</Filter>
    </ClCompile>
    <ClCompile Include="string_utils.cpp">
      <Filter>Quellcodedateien</Filter>
    </ClCompile>
  </ItemGroup>
  <ItemGroup>
    <ClInclude Include="ANN.h">
      <Filter>Header-Dateien</Filter>
    </ClInclude>
    <ClInclude Include="ann_policy.h">
      <Filter>Header-Dateien</Filter>
    </ClInclude>
    <ClInclude Include="Distribution.h">
      <Filter>Header-Dateien</Filter>
    </ClInclude>
    <ClInclude Include="learn_debug.h">
      <Filter>Header-Dateien</Filter>
    </ClInclude>
    <ClInclude Include="List.h">
      <Filter>Header-Dateien</Filter>
    </ClInclude>
    <ClInclude Include="MathFunctions.h">
      <Filter>Header-Dateien</Filter>
    </ClInclude>
    <ClInclude Include="policy.h">
      <Filter>Header-Dateien</Filter>
    </ClInclude>
    <ClInclude Include="real.h">
      <Filter>Header-Dateien</Filter>
    </ClInclude>
    <ClInclude Include="SmartAssert.h">
      <Filter>Header-Dateien</Filter>
    </ClInclude>
    <ClInclude Include="string_utils.h">
      <Filter>Header-Dateien</Filter>
    </ClInclude>
  </ItemGroup>
  <ItemGroup>
    <CustomBuild Include="learning.def">
      <Filter>Quellcodedateien</Filter>
    </CustomBuild>
  </ItemGroup>
</Project>