<?xml version="1.0" encoding="utf-8"?>
<Project ToolsVersion="4.0" xmlns="http://schemas.microsoft.com/developer/msbuild/2003">
  <ItemGroup>
    <Filter Include="Source Files">
      <UniqueIdentifier>{48c86a82-14a5-47cc-a7ae-85ae2fcf9eed}</UniqueIdentifier>
      <Extensions>cpp;c;cxx;rc;def;r;odl;idl;hpj;bat</Extensions>
    </Filter>
    <Filter Include="Header Files">
      <UniqueIdentifier>{50a0ab54-919a-4acf-baf9-519033a697db}</UniqueIdentifier>
      <Extensions>h;hpp;hxx;hm;inl</Extensions>
    </Filter>
    <Filter Include="Resource Files">
      <UniqueIdentifier>{e8fc2279-74ea-45cf-a858-fbca9c780bdc}</UniqueIdentifier>
      <Extensions>ico;cur;bmp;dlg;rc2;rct;bin;rgs;gif;jpg;jpeg;jpe</Extensions>
    </Filter>
  </ItemGroup>
  <ItemGroup>
    <ClCompile Include="aero.cpp">
      <Filter>Source Files</Filter>
    </ClCompile>
    <ClCompile Include="axle.cpp">
      <Filter>Source Files</Filter>
    </ClCompile>
    <ClCompile Include="brake.cpp">
      <Filter>Source Files</Filter>
    </ClCompile>
    <ClCompile Include="car.cpp">
      <Filter>Source Files</Filter>
    </ClCompile>
    <ClCompile Include="categories.cpp">
      <Filter>Source Files</Filter>
    </ClCompile>
    <ClCompile Include="collide.cpp">
      <Filter>Source Files</Filter>
    </ClCompile>
    <ClCompile Include="differential.cpp">
      <Filter>Source Files</Filter>
    </ClCompile>
    <ClCompile Include="engine.cpp">
      <Filter>Source Files</Filter>
    </ClCompile>
    <ClCompile Include="simu.cpp">
      <Filter>Source Files</Filter>
    </ClCompile>
    <ClCompile Include="simuitf.cpp">
      <Filter>Source Files</Filter>
    </ClCompile>
    <ClCompile Include="steer.cpp">
      <Filter>Source Files</Filter>
    </ClCompile>
    <ClCompile Include="susp.cpp">
      <Filter>Source Files</Filter>
    </ClCompile>
    <ClCompile Include="transmission.cpp">
      <Filter>Source Files</Filter>
    </ClCompile>
    <ClCompile Include="wheel.cpp">
      <Filter>Source Files</Filter>
    </ClCompile>
  </ItemGroup>
  <ItemGroup>
    <ClInclude Include="aero.h">
      <Filter>Header Files</Filter>
    </ClInclude>
    <ClInclude Include="axle.h">
      <Filter>Header Files</Filter>
    </ClInclude>
    <ClInclude Include="brake.h">
      <Filter>Header Files</Filter>
    </ClInclude>
    <ClInclude Include="carstruct.h">
      <Filter>Header Files</Filter>
    </ClInclude>
    <ClInclude Include="differential.h">
      <Filter>Header Files</Filter>
    </ClInclude>
    <ClInclude Include="engine.h">
      <Filter>Header Files</Filter>
    </ClInclude>
    <ClInclude Include="sim.h">
      <Filter>Header Files</Filter>
    </ClInclude>
    <ClInclude Include="steer.h">
      <Filter>Header Files</Filter>
    </ClInclude>
    <ClInclude Include="susp.h">
      <Filter>Header Files</Filter>
    </ClInclude>
    <ClInclude Include="transmission.h">
      <Filter>Header Files</Filter>
    </ClInclude>
    <ClInclude Include="wheel.h">
      <Filter>Header Files</Filter>
    </ClInclude>
  </ItemGroup>
  <ItemGroup>
    <CustomBuild Include="simuv2.def">
      <Filter>Source Files</Filter>
    </CustomBuild>
  </ItemGroup>
</Project>