<?xml version="1.0" encoding="utf-8"?>
<Project ToolsVersion="4.0" xmlns="http://schemas.microsoft.com/developer/msbuild/2003">
  <ItemGroup>
    <Filter Include="Source Files">
      <UniqueIdentifier>{cf6d489a-185c-4c37-9b1e-7d1c98a0c7cf}</UniqueIdentifier>
      <Extensions>cpp;c;cxx;rc;def;r;odl;idl;hpj;bat</Extensions>
    </Filter>
    <Filter Include="Header Files">
      <UniqueIdentifier>{889a86e7-46b4-4af8-9903-fcf44899a469}</UniqueIdentifier>
      <Extensions>h;hpp;hxx;hm;inl</Extensions>
    </Filter>
  </ItemGroup>
  <ItemGroup>
    <ClCompile Include="directory.cpp">
      <Filter>Source Files</Filter>
    </ClCompile>
    <ClCompile Include="hash.cpp">
      <Filter>Source Files</Filter>
    </ClCompile>
    <ClCompile Include="module.cpp">
      <Filter>Source Files</Filter>
    </ClCompile>
    <ClCompile Include="os.cpp">
      <Filter>Source Files</Filter>
    </ClCompile>
    <ClCompile Include="params.cpp">
      <Filter>Source Files</Filter>
    </ClCompile>
    <ClCompile Include="tgf.cpp">
      <Filter>Source Files</Filter>
    </ClCompile>
    <ClCompile Include="trace.cpp">
      <Filter>Source Files</Filter>
    </ClCompile>
  </ItemGroup>
  <ItemGroup>
    <ClInclude Include="os.h">
      <Filter>Header Files</Filter>
    </ClInclude>
    <ClInclude Include="params.h">
      <Filter>Header Files</Filter>
    </ClInclude>
    <ClInclude Include="tgf.h">
      <Filter>Header Files</Filter>
    </ClInclude>
  </ItemGroup>
  <ItemGroup>
    <CustomBuild Include="tgf.def">
      <Filter>Source Files</Filter>
    </CustomBuild>
  </ItemGroup>
</Project>